[[package]]
name = "aiohttp"
version = "3.8.1"
description = "Async http client/server framework (asyncio)"
category = "main"
optional = false
python-versions = ">=3.6"

[package.dependencies]
aiosignal = ">=1.1.2"
async-timeout = ">=4.0.0a3,<5.0"
attrs = ">=17.3.0"
charset-normalizer = ">=2.0,<3.0"
frozenlist = ">=1.1.1"
multidict = ">=4.5,<7.0"
yarl = ">=1.0,<2.0"

[package.extras]
speedups = ["aiodns", "brotli", "cchardet"]

[[package]]
name = "aiosignal"
version = "1.2.0"
description = "aiosignal: a list of registered asynchronous callbacks"
category = "main"
optional = false
python-versions = ">=3.6"

[package.dependencies]
frozenlist = ">=1.1.0"

[[package]]
name = "async-timeout"
version = "4.0.2"
description = "Timeout context manager for asyncio programs"
category = "main"
optional = false
python-versions = ">=3.6"

[[package]]
name = "attrs"
version = "21.4.0"
description = "Classes Without Boilerplate"
category = "main"
optional = false
python-versions = ">=2.7, !=3.0.*, !=3.1.*, !=3.2.*, !=3.3.*, !=3.4.*"

[package.extras]
dev = ["coverage[toml] (>=5.0.2)", "hypothesis", "pympler", "pytest (>=4.3.0)", "six", "mypy", "pytest-mypy-plugins", "zope.interface", "furo", "sphinx", "sphinx-notfound-page", "pre-commit", "cloudpickle"]
docs = ["furo", "sphinx", "zope.interface", "sphinx-notfound-page"]
tests = ["coverage[toml] (>=5.0.2)", "hypothesis", "pympler", "pytest (>=4.3.0)", "six", "mypy", "pytest-mypy-plugins", "zope.interface", "cloudpickle"]
tests_no_zope = ["coverage[toml] (>=5.0.2)", "hypothesis", "pympler", "pytest (>=4.3.0)", "six", "mypy", "pytest-mypy-plugins", "cloudpickle"]

[[package]]
name = "certifi"
version = "2021.10.8"
description = "Python package for providing Mozilla's CA Bundle."
category = "main"
optional = false
python-versions = "*"

[[package]]
name = "charset-normalizer"
version = "2.0.10"
description = "The Real First Universal Charset Detector. Open, modern and actively maintained alternative to Chardet."
category = "main"
optional = false
python-versions = ">=3.5.0"

[package.extras]
unicode_backport = ["unicodedata2"]

[[package]]
name = "click"
version = "8.0.4"
description = "Composable command line interface toolkit"
category = "main"
optional = false
python-versions = ">=3.6"

[package.dependencies]
colorama = {version = "*", markers = "platform_system == \"Windows\""}

[[package]]
name = "colorama"
version = "0.4.4"
description = "Cross-platform colored terminal text."
category = "main"
optional = false
python-versions = ">=2.7, !=3.0.*, !=3.1.*, !=3.2.*, !=3.3.*, !=3.4.*"

[[package]]
name = "docutils"
version = "0.18.1"
description = "Docutils -- Python Documentation Utilities"
category = "main"
optional = false
python-versions = ">=2.7, !=3.0.*, !=3.1.*, !=3.2.*, !=3.3.*, !=3.4.*"

[[package]]
name = "flask"
version = "2.0.3"
description = "A simple framework for building complex web applications."
category = "main"
optional = false
python-versions = ">=3.6"

[package.dependencies]
click = ">=7.1.2"
itsdangerous = ">=2.0"
Jinja2 = ">=3.0"
Werkzeug = ">=2.0"

[package.extras]
async = ["asgiref (>=3.2)"]
dotenv = ["python-dotenv"]

[[package]]
name = "frozenlist"
version = "1.3.0"
description = "A list-like structure which implements collections.abc.MutableSequence"
category = "main"
optional = false
python-versions = ">=3.7"

[[package]]
name = "idna"
version = "3.3"
description = "Internationalized Domain Names in Applications (IDNA)"
category = "main"
optional = false
python-versions = ">=3.5"

[[package]]
name = "itsdangerous"
version = "2.1.1"
description = "Safely pass data to untrusted environments and back."
category = "main"
optional = false
python-versions = ">=3.7"

[[package]]
name = "jinja2"
version = "3.0.3"
description = "A very fast and expressive template engine."
category = "main"
optional = false
python-versions = ">=3.6"

[package.dependencies]
MarkupSafe = ">=2.0"

[package.extras]
i18n = ["Babel (>=2.7)"]

[[package]]
name = "kivy"
version = "2.0.0"
description = "A software library for rapid development of hardware-accelerated multitouch applications."
category = "main"
optional = false
python-versions = "*"

[package.dependencies]
docutils = "*"
"kivy-deps.angle" = {version = ">=0.3.0,<0.4.0", markers = "sys_platform == \"win32\""}
"kivy-deps.glew" = {version = ">=0.3.0,<0.4.0", markers = "sys_platform == \"win32\""}
"kivy-deps.sdl2" = {version = ">=0.3.1,<0.4.0", markers = "sys_platform == \"win32\""}
Kivy-Garden = ">=0.1.4"
pygments = "*"
pypiwin32 = {version = "*", markers = "sys_platform == \"win32\""}

[package.extras]
dev = ["pyinstaller", "pytest (>=3.6)", "pytest-cov", "pytest-asyncio (!=0.11.0)", "pytest-timeout", "sphinx", "sphinxcontrib-blockdiag", "sphinxcontrib-seqdiag", "sphinxcontrib-actdiag", "sphinxcontrib-nwdiag", "flake8", "kivy-deps.gstreamer-dev (>=0.3.1,<0.4.0)", "kivy-deps.sdl2-dev (>=0.3.1,<0.4.0)", "kivy-deps.glew-dev (>=0.3.0,<0.4.0)"]
angle = ["kivy-deps.angle (>=0.3.0,<0.4.0)"]
base = ["pillow", "docutils", "pygments", "kivy-deps.angle (>=0.3.0,<0.4.0)", "kivy-deps.sdl2 (>=0.3.1,<0.4.0)", "kivy-deps.glew (>=0.3.0,<0.4.0)", "pypiwin32"]
full = ["pillow", "docutils", "pygments", "ffpyplayer", "kivy-deps.gstreamer (>=0.3.1,<0.4.0)", "kivy-deps.angle (>=0.3.0,<0.4.0)", "kivy-deps.sdl2 (>=0.3.1,<0.4.0)", "kivy-deps.glew (>=0.3.0,<0.4.0)", "pypiwin32"]
glew = ["kivy-deps.glew (>=0.3.0,<0.4.0)"]
gstreamer = ["kivy-deps.gstreamer (>=0.3.1,<0.4.0)"]
media = ["ffpyplayer", "kivy-deps.gstreamer (>=0.3.1,<0.4.0)"]
sdl2 = ["kivy-deps.sdl2 (>=0.3.1,<0.4.0)"]
tuio = ["oscpy"]

[[package]]
name = "kivy-deps.angle"
version = "0.3.1"
description = "Repackaged binary dependency of Kivy."
category = "main"
optional = false
python-versions = "*"

[[package]]
name = "kivy-deps.glew"
version = "0.3.0"
description = "Repackaged binary dependency of Kivy."
category = "main"
optional = false
python-versions = "*"

[[package]]
name = "kivy-deps.sdl2"
version = "0.3.1"
description = "Repackaged binary dependency of Kivy."
category = "main"
optional = false
python-versions = "*"

[[package]]
name = "kivy-garden"
version = "0.1.4"
description = "Garden tool for kivy flowers."
category = "main"
optional = false
python-versions = "*"

[package.dependencies]
requests = "*"

[[package]]
name = "markupsafe"
version = "2.1.0"
description = "Safely add untrusted strings to HTML/XML markup."
category = "main"
optional = false
python-versions = ">=3.7"

[[package]]
name = "multidict"
version = "6.0.2"
description = "multidict implementation"
category = "main"
optional = false
python-versions = ">=3.7"

[[package]]
name = "pygments"
version = "2.11.2"
description = "Pygments is a syntax highlighting package written in Python."
category = "main"
optional = false
python-versions = ">=3.5"

[[package]]
name = "pypiwin32"
version = "223"
description = ""
category = "main"
optional = false
python-versions = "*"

[package.dependencies]
pywin32 = ">=223"

[[package]]
name = "pywin32"
version = "303"
description = "Python for Window Extensions"
category = "main"
optional = false
python-versions = "*"

[[package]]
name = "replit"
version = "3.2.4"
description = "A library for interacting with features of repl.it"
category = "main"
optional = false
python-versions = ">=3.8,<4.0"

[package.dependencies]
aiohttp = ">=3.6.2,<4.0.0"
Flask = ">=2.0.0,<3.0.0"
requests = ">=2.25.1,<3.0.0"
typing_extensions = ">=3.7.4,<4.0.0"
Werkzeug = ">=2.0.0,<3.0.0"

[[package]]
name = "requests"
version = "2.27.1"
description = "Python HTTP for Humans."
category = "main"
optional = false
python-versions = ">=2.7, !=3.0.*, !=3.1.*, !=3.2.*, !=3.3.*, !=3.4.*, !=3.5.*"

[package.dependencies]
certifi = ">=2017.4.17"
charset-normalizer = {version = ">=2.0.0,<2.1.0", markers = "python_version >= \"3\""}
idna = {version = ">=2.5,<4", markers = "python_version >= \"3\""}
urllib3 = ">=1.21.1,<1.27"

[package.extras]
socks = ["PySocks (>=1.5.6,!=1.5.7)", "win-inet-pton"]
use_chardet_on_py3 = ["chardet (>=3.0.2,<5)"]

[[package]]
name = "tabulate"
version = "0.8.9"
description = "Pretty-print tabular data"
category = "main"
optional = false
python-versions = "*"

[package.extras]
widechars = ["wcwidth"]

[[package]]
name = "typing-extensions"
version = "3.10.0.2"
description = "Backported and Experimental Type Hints for Python 3.5+"
category = "main"
optional = false
python-versions = "*"

[[package]]
name = "urllib3"
version = "1.26.8"
description = "HTTP library with thread-safe connection pooling, file post, and more."
category = "main"
optional = false
python-versions = ">=2.7, !=3.0.*, !=3.1.*, !=3.2.*, !=3.3.*, !=3.4.*, <4"

[package.extras]
brotli = ["brotlipy (>=0.6.0)"]
secure = ["pyOpenSSL (>=0.14)", "cryptography (>=1.3.4)", "idna (>=2.0.0)", "certifi", "ipaddress"]
socks = ["PySocks (>=1.5.6,!=1.5.7,<2.0)"]

[[package]]
name = "werkzeug"
version = "2.0.3"
description = "The comprehensive WSGI web application library."
category = "main"
optional = false
python-versions = ">=3.6"

[package.extras]
watchdog = ["watchdog"]

[[package]]
name = "yarl"
version = "1.7.2"
description = "Yet another URL library"
category = "main"
optional = false
python-versions = ">=3.6"

[package.dependencies]
idna = ">=2.0"
multidict = ">=4.0"

[metadata]
lock-version = "1.1"
python-versions = "^3.8"
content-hash = "2d22bef12d9ae01c92e8444c3ae0b5f522e5137c041041bd8bfc3e1bf1b78cf4"

[metadata.files]
aiohttp = []
aiosignal = []
async-timeout = []
attrs = []
certifi = []
charset-normalizer = []
click = []
colorama = []
docutils = []
flask = []
frozenlist = []
idna = []
itsdangerous = []
jinja2 = []
kivy = []
"kivy-deps.angle" = []
"kivy-deps.glew" = []
"kivy-deps.sdl2" = []
kivy-garden = []
markupsafe = []
multidict = []
pygments = []
pypiwin32 = []
pywin32 = []
replit = []
requests = []
tabulate = []
typing-extensions = []
urllib3 = []
werkzeug = []
yarl = []
